Microsoft Visual Studio Solution File, Format Version 12.00
# Visual Studio Version 17
VisualStudioVersion = 17.13.35818.85
MinimumVisualStudioVersion = 10.0.40219.1
Project("{FAE04EC0-301F-11D3-BF4B-00C04F79EFBC}") = "MM_LongGame01", "MM_LongGame01\MM_LongGame01.csproj", "{0FCDFAC3-5E2D-46E8-833E-A579FA84C24F}"
EndProject
Global
	GlobalSection(SolutionConfigurationPlatforms) = preSolution
		Debug|Any CPU = Debug|Any CPU
		Release|Any CPU = Release|Any CPU
	EndGlobalSection
	GlobalSection(ProjectConfigurationPlatforms) = postSolution
		{0FCDFAC3-5E2D-46E8-833E-A579FA84C24F}.Debug|Any CPU.ActiveCfg = Debug|Any CPU
		{0FCDFAC3-5E2D-46E8-833E-A579FA84C24F}.Debug|Any CPU.Build.0 = Debug|Any CPU
		{0FCDFAC3-5E2D-46E8-833E-A579FA84C24F}.Release|Any CPU.ActiveCfg = Release|Any CPU
		{0FCDFAC3-5E2D-46E8-833E-A579FA84C24F}.Release|Any CPU.Build.0 = Release|Any CPU
	EndGlobalSection
	GlobalSection(SolutionProperties) = preSolution
		HideSolutionNode = FALSE
	EndGlobalSection
	GlobalSection(ExtensibilityGlobals) = postSolution
		SolutionGuid = {4EA83832-411B-47CA-885E-ED6B6FF1CEC8}
	EndGlobalSection
EndGlobal
